{
  "nodes": {
    "flake-utils": {
      "locked": {
        "lastModified": 1614513358,
        "narHash": "sha256-LakhOx3S1dRjnh0b5Dg3mbZyH0ToC9I8Y2wKSkBaTzU=",
        "owner": "numtide",
        "repo": "flake-utils",
        "rev": "5466c5bbece17adaab2d82fae80b46e807611bf3",
        "type": "github"
      },
      "original": {
        "owner": "numtide",
        "repo": "flake-utils",
        "type": "github"
      }
    },
    "home-manager": {
      "inputs": {
        "nixpkgs": [
          "nixpkgs"
        ]
      },
      "locked": {
        "lastModified": 1649884131,
        "narHash": "sha256-tCPDxtNdM23klZrWE41YKdvHjLw6VoSH5dtPjZWxia8=",
        "owner": "nix-community",
        "repo": "home-manager",
        "rev": "7da4e6680f814562f070bad01922d6736e54be94",
        "type": "github"
      },
      "original": {
        "owner": "nix-community",
        "repo": "home-manager",
        "type": "github"
      }
    },
    "nixpkgs": {
      "locked": {
        "lastModified": 1649673231,
        "narHash": "sha256-1T3AFscfS7s9pkFA+UIDrHH3/RLVjRdYs5ImuLYpOlE=",
        "owner": "NixOS",
        "repo": "nixpkgs",
        "rev": "33772708c6d0e33f697426ba386aa0149cbcbecb",
        "type": "github"
      },
      "original": {
        "id": "nixpkgs",
        "ref": "nixos-unstable",
        "type": "indirect"
      }
    },
    "nixpkgs_2": {
      "locked": {
        "lastModified": 1614934292,
        "narHash": "sha256-TyKuSbTiUZcfrCx3G7ipLb2GzTGc/bf5qYPu8gGdkwI=",
        "owner": "NixOS",
        "repo": "nixpkgs",
        "rev": "1d73b07d8746ed62cce744d8ed6a99a7398ec276",
        "type": "github"
      },
      "original": {
        "owner": "NixOS",
        "repo": "nixpkgs",
        "type": "github"
      }
    },
    "nurpkgs": {
      "locked": {
        "lastModified": 1649881985,
        "narHash": "sha256-+k0ypt/hC0LeoVHyl01bOR1bM8Gdw8xF177Eg4mSgiA=",
        "owner": "nix-community",
        "repo": "NUR",
        "rev": "a69ae186b8db0b652ab48c8f4635844326267d68",
        "type": "github"
      },
      "original": {
        "owner": "nix-community",
        "repo": "NUR",
        "type": "github"
      }
    },
    "root": {
      "inputs": {
        "home-manager": "home-manager",
        "nixpkgs": "nixpkgs",
        "nurpkgs": "nurpkgs",
        "tex2nix": "tex2nix"
      }
    },
    "tex2nix": {
      "inputs": {
        "flake-utils": "flake-utils",
        "nixpkgs": "nixpkgs_2"
      },
      "locked": {
        "lastModified": 1614938171,
        "narHash": "sha256-TEc2t6hYdI8yofbt/+PYnyxBYOI/yRbsaCusvS3+QpY=",
        "owner": "Mic92",
        "repo": "tex2nix",
        "rev": "4b17bc0cf8f3413f25ab1740a3b39be7156e0f3d",
        "type": "github"
      },
      "original": {
        "owner": "Mic92",
        "ref": "4b17bc0",
        "repo": "tex2nix",
        "type": "github"
      }
    }
  },
  "root": "root",
  "version": 7
}
