{
  "nodes": {
    "flake-utils": {
      "locked": {
        "lastModified": 1614513358,
        "narHash": "sha256-LakhOx3S1dRjnh0b5Dg3mbZyH0ToC9I8Y2wKSkBaTzU=",
        "owner": "numtide",
        "repo": "flake-utils",
        "rev": "5466c5bbece17adaab2d82fae80b46e807611bf3",
        "type": "github"
      },
      "original": {
        "owner": "numtide",
        "repo": "flake-utils",
        "type": "github"
      }
    },
    "home-manager": {
      "inputs": {
        "nixpkgs": [
          "nixpkgs"
        ]
      },
      "locked": {
        "lastModified": 1649642044,
        "narHash": "sha256-V9ZjTJcbDPgWG+H3rIC6XuPHZAPK1VupBbSsuDbptkQ=",
        "owner": "nix-community",
        "repo": "home-manager",
        "rev": "e39a9d0103e3b2e42059c986a8c633824b96c193",
        "type": "github"
      },
      "original": {
        "owner": "nix-community",
        "repo": "home-manager",
        "type": "github"
      }
    },
    "nixpkgs": {
      "locked": {
        "lastModified": 1649673231,
        "narHash": "sha256-1T3AFscfS7s9pkFA+UIDrHH3/RLVjRdYs5ImuLYpOlE=",
        "owner": "NixOS",
        "repo": "nixpkgs",
        "rev": "33772708c6d0e33f697426ba386aa0149cbcbecb",
        "type": "github"
      },
      "original": {
        "id": "nixpkgs",
        "ref": "nixos-unstable",
        "type": "indirect"
      }
    },
    "nixpkgs_2": {
      "locked": {
        "lastModified": 1614934292,
        "narHash": "sha256-TyKuSbTiUZcfrCx3G7ipLb2GzTGc/bf5qYPu8gGdkwI=",
        "owner": "NixOS",
        "repo": "nixpkgs",
        "rev": "1d73b07d8746ed62cce744d8ed6a99a7398ec276",
        "type": "github"
      },
      "original": {
        "owner": "NixOS",
        "repo": "nixpkgs",
        "type": "github"
      }
    },
    "nurpkgs": {
      "locked": {
        "lastModified": 1649872116,
        "narHash": "sha256-xDctGh52qkrDuU8sD9WMFlgY/JCWz40ly1zKeE2UGgg=",
        "owner": "nix-community",
        "repo": "NUR",
        "rev": "988c0338f0ec2867226ec5d1088347bdcbbc5efc",
        "type": "github"
      },
      "original": {
        "owner": "nix-community",
        "repo": "NUR",
        "type": "github"
      }
    },
    "root": {
      "inputs": {
        "home-manager": "home-manager",
        "nixpkgs": "nixpkgs",
        "nurpkgs": "nurpkgs",
        "tex2nix": "tex2nix"
      }
    },
    "tex2nix": {
      "inputs": {
        "flake-utils": "flake-utils",
        "nixpkgs": "nixpkgs_2"
      },
      "locked": {
        "lastModified": 1614938171,
        "narHash": "sha256-TEc2t6hYdI8yofbt/+PYnyxBYOI/yRbsaCusvS3+QpY=",
        "owner": "Mic92",
        "repo": "tex2nix",
        "rev": "4b17bc0cf8f3413f25ab1740a3b39be7156e0f3d",
        "type": "github"
      },
      "original": {
        "owner": "Mic92",
        "ref": "4b17bc0",
        "repo": "tex2nix",
        "type": "github"
      }
    }
  },
  "root": "root",
  "version": 7
}
